
Microsoft Visual Studio Solution File, Format Version 12.00
# Visual Studio 15
VisualStudioVersion = 15.0.28010.2016
MinimumVisualStudioVersion = 10.0.40219.1
Project("{FAE04EC0-301F-11D3-BF4B-00C04F79EFBC}") = "Sem1", "Sem1\Sem1.csproj", "{6069649E-1785-4A47-B6EC-F395231D2BB8}"
EndProject
Global
	GlobalSection(SolutionConfigurationPlatforms) = preSolution
		Debug|Any CPU = Debug|Any CPU
		Release|Any CPU = Release|Any CPU
	EndGlobalSection
	GlobalSection(ProjectConfigurationPlatforms) = postSolution
		{6069649E-1785-4A47-B6EC-F395231D2BB8}.Debug|Any CPU.ActiveCfg = Debug|Any CPU
		{6069649E-1785-4A47-B6EC-F395231D2BB8}.Debug|Any CPU.Build.0 = Debug|Any CPU
		{6069649E-1785-4A47-B6EC-F395231D2BB8}.Release|Any CPU.ActiveCfg = Release|Any CPU
		{6069649E-1785-4A47-B6EC-F395231D2BB8}.Release|Any CPU.Build.0 = Release|Any CPU
	EndGlobalSection
	GlobalSection(SolutionProperties) = preSolution
		HideSolutionNode = FALSE
	EndGlobalSection
	GlobalSection(ExtensibilityGlobals) = postSolution
		SolutionGuid = {FB99BA63-191F-4F0D-8A48-378D8CF513E4}
	EndGlobalSection
EndGlobal
